
Microsoft Visual Studio Solution File, Format Version 12.00
# Visual Studio Version 16
VisualStudioVersion = 16.0.29911.84
MinimumVisualStudioVersion = 10.0.40219.1
Project("{FAE04EC0-301F-11D3-BF4B-00C04F79EFBC}") = "BangazonSQLExercises", "BangazonSQLExercises\BangazonSQLExercises.csproj", "{97C141B1-6C6B-481A-A983-C728BBEAD5CE}"
EndProject
Global
	GlobalSection(SolutionConfigurationPlatforms) = preSolution
		Debug|Any CPU = Debug|Any CPU
		Release|Any CPU = Release|Any CPU
	EndGlobalSection
	GlobalSection(ProjectConfigurationPlatforms) = postSolution
		{97C141B1-6C6B-481A-A983-C728BBEAD5CE}.Debug|Any CPU.ActiveCfg = Debug|Any CPU
		{97C141B1-6C6B-481A-A983-C728BBEAD5CE}.Debug|Any CPU.Build.0 = Debug|Any CPU
		{97C141B1-6C6B-481A-A983-C728BBEAD5CE}.Release|Any CPU.ActiveCfg = Release|Any CPU
		{97C141B1-6C6B-481A-A983-C728BBEAD5CE}.Release|Any CPU.Build.0 = Release|Any CPU
	EndGlobalSection
	GlobalSection(SolutionProperties) = preSolution
		HideSolutionNode = FALSE
	EndGlobalSection
	GlobalSection(ExtensibilityGlobals) = postSolution
		SolutionGuid = {1EF1C73D-FA93-422C-B205-BCED51661D0A}
	EndGlobalSection
EndGlobal
